
Microsoft Visual Studio Solution File, Format Version 12.00
# Visual Studio Version 17
VisualStudioVersion = 17.14.36414.22
MinimumVisualStudioVersion = 10.0.40219.1
Project("{FAE04EC0-301F-11D3-BF4B-00C04F79EFBC}") = "PlaygroundArenaApp", "PlaygroundArenaApp\PlaygroundArenaApp.csproj", "{49B596AF-4E53-4F95-A82C-389B7C15435E}"
EndProject
Global
	GlobalSection(SolutionConfigurationPlatforms) = preSolution
		Debug|Any CPU = Debug|Any CPU
		Release|Any CPU = Release|Any CPU
	EndGlobalSection
	GlobalSection(ProjectConfigurationPlatforms) = postSolution
		{49B596AF-4E53-4F95-A82C-389B7C15435E}.Debug|Any CPU.ActiveCfg = Debug|Any CPU
		{49B596AF-4E53-4F95-A82C-389B7C15435E}.Debug|Any CPU.Build.0 = Debug|Any CPU
		{49B596AF-4E53-4F95-A82C-389B7C15435E}.Release|Any CPU.ActiveCfg = Release|Any CPU
		{49B596AF-4E53-4F95-A82C-389B7C15435E}.Release|Any CPU.Build.0 = Release|Any CPU
	EndGlobalSection
	GlobalSection(SolutionProperties) = preSolution
		HideSolutionNode = FALSE
	EndGlobalSection
	GlobalSection(ExtensibilityGlobals) = postSolution
		SolutionGuid = {57E3BA36-C350-4A85-8EB7-78B66BD076A5}
	EndGlobalSection
EndGlobal
